{
  "name": "bb-plugin-pulse",
  "version": "0.3.0",
  "lockfileVersion": 3,
  "requires": true,
  "packages": {
    "": {
      "name": "bb-plugin-pulse",
      "version": "0.3.0",
      "dependencies": {
        "zod": "^4.5.4"
      },
      "devDependencies": {
        "@get-bb/plugin-sdk": "0.4.34"
      },
      "engines": {
        "bb": ">=0.41.0",
        "bbPluginSdk": ">=0.4.34"
      }
    },
    "node_modules/@get-bb/plugin-sdk": {
      "version": "0.4.34",
      "resolved": "https://registry.npmjs.org/@get-bb/plugin-sdk/-/plugin-sdk-0.4.34.tgz",
      "integrity": "sha512-2ugZuMXdASpmRUrGPaj09sk0t21xDJTudqzT0ucFW8pYY8PMyVmy7RCTRAsNo1oCicvOvD97rw8C1v3k5hYqFA==",
      "dev": true,
      "peerDependencies": {
        "@testing-library/react": "^16.3.2",
        "@types/better-sqlite3": "^7.6.12",
        "@types/react": "^19.0.0",
        "better-sqlite3": ">=12",
        "cron-parser": "^5.5.0",
        "hono": "^4.11.9",
        "react": "^19.0.0",
        "react-dom": "^19.0.0",
        "zod": "^4.3.6"
      },
      "peerDependenciesMeta": {
        "@testing-library/react": {
          "optional": true
        },
        "@types/better-sqlite3": {
          "optional": true
        },
        "@types/react": {
          "optional": true
        },
        "better-sqlite3": {
          "optional": true
        },
        "cron-parser": {
          "optional": true
        },
        "hono": {
          "optional": true
        },
        "react": {
          "optional": true
        },
        "react-dom": {
          "optional": true
        },
        "zod": {
          "optional": true
        }
      }
    },
    "node_modules/zod": {
      "version": "4.6.4",
      "resolved": "https://registry.npmjs.org/zod/-/zod-4.6.4.tgz",
      "integrity": "sha512-AXSD6hvGdvRjajG/l1cC+d6IrhH+sjmPKtYeQdJIK8MFJl3LyClzS+o/YsVC+zQZPupAaeH5skwwm8YqYH7BqA==",
      "license": "MIT",
      "funding": {
        "url": "https://github.com/sponsors/colinhacks"
      }
    }
  }
}
