{
  "name": "@zbs-gg/pulse",
  "version": "0.4.2",
  "lockfileVersion": 3,
  "requires": true,
  "packages": {
    "": {
      "name": "@zbs-gg/pulse",
      "version": "0.4.2",
      "license": "MIT",
      "bin": {
        "pulse": "src/cli.js"
      },
      "engines": {
        "node": ">=18"
      }
    }
  }
}
